
Microsoft Visual Studio Solution File, Format Version 12.00
# Visual Studio Version 17
VisualStudioVersion = 17.6.33712.159
MinimumVisualStudioVersion = 10.0.40219.1
Project("{FAE04EC0-301F-11D3-BF4B-00C04F79EFBC}") = "WindowsFormsApp2", "WindowsFormsApp2\WindowsFormsApp2.csproj", "{3BD88512-ED5D-4A68-8E5C-AB2A7E31C501}"
EndProject
Global
	GlobalSection(SolutionConfigurationPlatforms) = preSolution
		Debug|Any CPU = Debug|Any CPU
		Release|Any CPU = Release|Any CPU
	EndGlobalSection
	GlobalSection(ProjectConfigurationPlatforms) = postSolution
		{3BD88512-ED5D-4A68-8E5C-AB2A7E31C501}.Debug|Any CPU.ActiveCfg = Debug|Any CPU
		{3BD88512-ED5D-4A68-8E5C-AB2A7E31C501}.Debug|Any CPU.Build.0 = Debug|Any CPU
		{3BD88512-ED5D-4A68-8E5C-AB2A7E31C501}.Release|Any CPU.ActiveCfg = Release|Any CPU
		{3BD88512-ED5D-4A68-8E5C-AB2A7E31C501}.Release|Any CPU.Build.0 = Release|Any CPU
	EndGlobalSection
	GlobalSection(SolutionProperties) = preSolution
		HideSolutionNode = FALSE
	EndGlobalSection
	GlobalSection(ExtensibilityGlobals) = postSolution
		SolutionGuid = {07185E5D-1E22-4877-B2D3-72FBE5CCB363}
	EndGlobalSection
EndGlobal
